# This file was autogenerated by Stack.
# You should not edit this file by hand.
# For more information, please see the documentation at:
#   https://docs.haskellstack.org/en/stable/lock_files

packages:
- completed:
    hackage: polysemy-plugin-0.2.5.0@sha256:67e30be568a141b852aace1a60e180cb5060fbb2835365a81a3ea779536d6d35,2952
    pantry-tree:
      size: 1232
      sha256: 5c90dac2eba48b4e337b302347c233ecaedb63e333641e094e718a548ac86711
  original:
    hackage: polysemy-plugin-0.2.5.0
- completed:
    hackage: ghc-tcplugins-extra-0.3.2@sha256:1bbfd4449c3669a31618ea0ebc5d00d980a53988daad3b6218bab5c8cdff268d,1687
    pantry-tree:
      size: 331
      sha256: 4b16989344380c912e476dc232cc58264837b498e31a8bf16a17092ba6c1cfb9
  original:
    hackage: ghc-tcplugins-extra-0.3.2@sha256:1bbfd4449c3669a31618ea0ebc5d00d980a53988daad3b6218bab5c8cdff268d,1687
- completed:
    size: 64574
    url: https://github.com/mpickering/apply-refact/archive/1acf7eb860be5a446828a3a2fe3644aeb5a1b55f.tar.gz
    name: apply-refact
    version: 0.6.0.0
    sha256: b91f7011e7bf33f96b90cede66db17a9ded48379c99344667fa0659a3a0df416
    pantry-tree:
      size: 91839
      sha256: caa80b78125978d15e794991bd176128a69c495f763830a4311d4e5617a5189c
  original:
    url: https://github.com/mpickering/apply-refact/archive/1acf7eb860be5a446828a3a2fe3644aeb5a1b55f.tar.gz
snapshots:
- completed:
    size: 533252
    url: https://raw.githubusercontent.com/commercialhaskell/stackage-snapshots/master/lts/16/26.yaml
    sha256: cdbc5db9c1afe80a5998247939027a0c7db92fa0f20b5cd01596ec3da628b622
  original: lts-16.26
